
Microsoft Visual Studio Solution File, Format Version 12.00
# Visual Studio Version 16
VisualStudioVersion = 16.0.30114.105
MinimumVisualStudioVersion = 10.0.40219.1
Project("{FAE04EC0-301F-11D3-BF4B-00C04F79EFBC}") = "SGUEES.api", "sguees.api\sguees.api.csproj", "{D84DEF31-E818-4256-837E-DDF6E1594F37}"
EndProject
Project("{FAE04EC0-301F-11D3-BF4B-00C04F79EFBC}") = "eFramework", "eFramework\eFramework.csproj", "{95703916-5F64-422A-B196-628A0C491F84}"
EndProject
Project("{FAE04EC0-301F-11D3-BF4B-00C04F79EFBC}") = "eFrameworkAPI", "eFrameworkAPI\eFrameworkAPI.csproj", "{502A61D3-4310-4638-ACD2-8E545551889D}"
EndProject
Global
	GlobalSection(SolutionConfigurationPlatforms) = preSolution
		Debug|Any CPU = Debug|Any CPU
		Release|Any CPU = Release|Any CPU
	EndGlobalSection
	GlobalSection(SolutionProperties) = preSolution
		HideSolutionNode = FALSE
	EndGlobalSection
	GlobalSection(ProjectConfigurationPlatforms) = postSolution
		{D84DEF31-E818-4256-837E-DDF6E1594F37}.Debug|Any CPU.ActiveCfg = Debug|Any CPU
		{D84DEF31-E818-4256-837E-DDF6E1594F37}.Debug|Any CPU.Build.0 = Debug|Any CPU
		{D84DEF31-E818-4256-837E-DDF6E1594F37}.Release|Any CPU.ActiveCfg = Release|Any CPU
		{D84DEF31-E818-4256-837E-DDF6E1594F37}.Release|Any CPU.Build.0 = Release|Any CPU
		{95703916-5F64-422A-B196-628A0C491F84}.Debug|Any CPU.ActiveCfg = Debug|Any CPU
		{95703916-5F64-422A-B196-628A0C491F84}.Debug|Any CPU.Build.0 = Debug|Any CPU
		{95703916-5F64-422A-B196-628A0C491F84}.Release|Any CPU.ActiveCfg = Release|Any CPU
		{95703916-5F64-422A-B196-628A0C491F84}.Release|Any CPU.Build.0 = Release|Any CPU
		{502A61D3-4310-4638-ACD2-8E545551889D}.Debug|Any CPU.ActiveCfg = Debug|Any CPU
		{502A61D3-4310-4638-ACD2-8E545551889D}.Debug|Any CPU.Build.0 = Debug|Any CPU
		{502A61D3-4310-4638-ACD2-8E545551889D}.Release|Any CPU.ActiveCfg = Release|Any CPU
		{502A61D3-4310-4638-ACD2-8E545551889D}.Release|Any CPU.Build.0 = Release|Any CPU
	EndGlobalSection
EndGlobal
