

Microsoft Visual Studio Solution File, Format Version 12.00

# Visual Studio Version 17

VisualStudioVersion = 17.0.31903.59

MinimumVisualStudioVersion = 10.0.40219.1

Project("{FAE04EC0-301F-11D3-BF4B-00C04F79EFBC}") = "sguees-rpt", "sguees-rpt\sguees-rpt.csproj", "{BDC39046-10D2-45DB-AB6D-12C65856CF02}"

EndProject

Global

	GlobalSection(SolutionConfigurationPlatforms) = preSolution

		Debug|Any CPU = Debug|Any CPU

		Release|Any CPU = Release|Any CPU

	EndGlobalSection

	GlobalSection(ProjectConfigurationPlatforms) = postSolution

		{BDC39046-10D2-45DB-AB6D-12C65856CF02}.Debug|Any CPU.ActiveCfg = Debug|Any CPU

		{BDC39046-10D2-45DB-AB6D-12C65856CF02}.Debug|Any CPU.Build.0 = Debug|Any CPU

		{BDC39046-10D2-45DB-AB6D-12C65856CF02}.Release|Any CPU.ActiveCfg = Release|Any CPU

		{BDC39046-10D2-45DB-AB6D-12C65856CF02}.Release|Any CPU.Build.0 = Release|Any CPU

	EndGlobalSection

	GlobalSection(SolutionProperties) = preSolution

		HideSolutionNode = FALSE

	EndGlobalSection

	GlobalSection(ExtensibilityGlobals) = postSolution

		SolutionGuid = {79FEFFD5-4DA4-47B6-868B-E3F04F97852B}

	EndGlobalSection

EndGlobal

